{
  "name": "scaffoldLit",
  "version": "0.1.0",
  "lockfileVersion": 1,
  "requires": true,
  "dependencies": {
    "@bbva-web-components/bbva-amount": {
      "version": "9.4.1",
      "resolved": "https://globaldevtools.bbva.com:443/artifactory/api/npm/npm-repo/@bbva-web-components/bbva-amount/-/@bbva-web-components/bbva-amount-9.4.1.tgz",
      "integrity": "sha1-i7C1MMpzU9pybVI1JCsgLgW62/8=",
      "requires": {
        "@bbva-web-components/bbva-core-amount-mixin": "^1.0.0",
        "@bbva-web-components/bbva-core-lit-helpers": "^1.0.0",
        "@bbva-web-components/bbva-foundations-styles": "^2.0.0",
        "lit-element": "^2.0.0",
        "lit-html": "^1.0.0"
      }
    },
    "@bbva-web-components/bbva-badge-default": {
      "version": "3.0.3",
      "resolved": "https://globaldevtools.bbva.com:443/artifactory/api/npm/npm-repo/@bbva-web-components/bbva-badge-default/-/@bbva-web-components/bbva-badge-default-3.0.3.tgz",
      "integrity": "sha1-ugdSUz0NcnD/g6NLjVVU9CjMRrI=",
      "requires": {
        "@bbva-web-components/bbva-core-intl-mixin": "^1.0.0",
        "@bbva-web-components/bbva-core-lit-helpers": "^1.0.0",
        "@bbva-web-components/bbva-foundations-styles": "^2.0.0",
        "lit-element": "^2.0.0",
        "lit-html": "^1.0.0"
      }
    },
    "@bbva-web-components/bbva-button-default": {
      "version": "5.7.2",
      "resolved": "https://globaldevtools.bbva.com:443/artifactory/api/npm/npm-repo/@bbva-web-components/bbva-button-default/-/@bbva-web-components/bbva-button-default-5.7.2.tgz",
      "integrity": "sha1-/KwlGi8NP+cRjwsbXvanIWvJFuM=",
      "requires": {
        "@bbva-web-components/bbva-core-action": "^1.0.0",
        "@bbva-web-components/bbva-core-lit-helpers": "^1.0.0",
        "@bbva-web-components/bbva-foundations-styles": "^2.0.0",
        "lit-element": "^2.0.0"
      }
    },
    "@bbva-web-components/bbva-button-icon": {
      "version": "4.8.0",
      "resolved": "https://globaldevtools.bbva.com:443/artifactory/api/npm/npm-repo/@bbva-web-components/bbva-button-icon/-/@bbva-web-components/bbva-button-icon-4.8.0.tgz",
      "integrity": "sha1-x0x0+VMbXCkRWGOIyFfq5Z220bo=",
      "requires": {
        "@bbva-web-components/bbva-core-action": "^1.0.0",
        "@bbva-web-components/bbva-core-icon": "^1.0.0",
        "@bbva-web-components/bbva-core-lit-helpers": "^1.0.0",
        "@bbva-web-components/bbva-foundations-styles": "^2.0.0",
        "lit-element": "^2.0.0"
      }
    },
    "@bbva-web-components/bbva-core-action": {
      "version": "1.3.9",
      "resolved": "https://globaldevtools.bbva.com:443/artifactory/api/npm/npm-repo/@bbva-web-components/bbva-core-action/-/@bbva-web-components/bbva-core-action-1.3.9.tgz",
      "integrity": "sha1-yxnhN5v3tqCcF80EVCILDpcaDe8=",
      "requires": {
        "@bbva-web-components/bbva-core-delegate-attributes-mixin": "^1.1.0",
        "@bbva-web-components/bbva-core-focus-visible-mixin": "^1.0.10",
        "@bbva-web-components/bbva-core-lit-helpers": "^1.1.0",
        "lit-element": "^2.0.0",
        "lit-html": "^1.0.0"
      }
    },
    "@bbva-web-components/bbva-core-amount-mixin": {
      "version": "1.2.0",
      "resolved": "https://globaldevtools.bbva.com:443/artifactory/api/npm/npm-repo/@bbva-web-components/bbva-core-amount-mixin/-/@bbva-web-components/bbva-core-amount-mixin-1.2.0.tgz",
      "integrity": "sha1-X5iGAgrcnByfk2O9aBU4G/vQM84=",
      "requires": {
        "@bbva-web-components/bbva-core-lit-helpers": "^1.1.0"
      }
    },
    "@bbva-web-components/bbva-core-delegate-attributes-mixin": {
      "version": "1.1.0",
      "resolved": "https://globaldevtools.bbva.com:443/artifactory/api/npm/npm-repo/@bbva-web-components/bbva-core-delegate-attributes-mixin/-/@bbva-web-components/bbva-core-delegate-attributes-mixin-1.1.0.tgz",
      "integrity": "sha1-2FQ0v5NJygpUxQIWZfx+zNWeJgQ=",
      "requires": {
        "@bbva-web-components/bbva-core-lit-helpers": "^1.1.0",
        "lit-element": "^2.0.0"
      }
    },
    "@bbva-web-components/bbva-core-focus-visible-mixin": {
      "version": "1.0.10",
      "resolved": "https://globaldevtools.bbva.com:443/artifactory/api/npm/npm-repo/@bbva-web-components/bbva-core-focus-visible-mixin/-/@bbva-web-components/bbva-core-focus-visible-mixin-1.0.10.tgz",
      "integrity": "sha1-6A+DMKvuFH2ARXT1VRx8NWHBo4w=",
      "requires": {
        "@bbva-web-components/bbva-core-lit-helpers": "^1.1.0"
      }
    },
    "@bbva-web-components/bbva-core-generic-dp": {
      "version": "1.1.0",
      "resolved": "https://globaldevtools.bbva.com:443/artifactory/api/npm/npm-repo/@bbva-web-components/bbva-core-generic-dp/-/@bbva-web-components/bbva-core-generic-dp-1.1.0.tgz",
      "integrity": "sha1-vJEEJMVudpUmAPPNfL6GmU0hQ+c=",
      "requires": {
        "@bbva-web-components/bbva-core-lit-helpers": "^1.1.0",
        "lit-element": "^2.0.0",
        "rxjs": "^6.5.2"
      }
    },
    "@bbva-web-components/bbva-core-icon": {
      "version": "1.4.1",
      "resolved": "https://globaldevtools.bbva.com:443/artifactory/api/npm/npm-repo/@bbva-web-components/bbva-core-icon/-/@bbva-web-components/bbva-core-icon-1.4.1.tgz",
      "integrity": "sha1-MFgMjXde2crewr2LLxC40aHklyI=",
      "requires": {
        "@bbva-web-components/bbva-core-lit-helpers": "^1.1.0",
        "@bbva-web-components/bbva-core-meta": "^1.1.0",
        "lit-element": "^2.0.0"
      }
    },
    "@bbva-web-components/bbva-core-iconset": {
      "version": "1.1.14",
      "resolved": "https://globaldevtools.bbva.com:443/artifactory/api/npm/npm-repo/@bbva-web-components/bbva-core-iconset/-/@bbva-web-components/bbva-core-iconset-1.1.14.tgz",
      "integrity": "sha1-75dAKpLpyhG2jc6ePm7N4KTHVHA=",
      "requires": {
        "@bbva-web-components/bbva-core-meta": "^1.1.0",
        "lit-element": "^2.0.0"
      }
    },
    "@bbva-web-components/bbva-core-input": {
      "version": "1.2.8",
      "resolved": "https://globaldevtools.bbva.com:443/artifactory/api/npm/npm-repo/@bbva-web-components/bbva-core-input/-/@bbva-web-components/bbva-core-input-1.2.8.tgz",
      "integrity": "sha1-I6i8z30hxfQZCt6LYxBwP8hYqA8=",
      "requires": {
        "@bbva-web-components/bbva-core-delegate-attributes-mixin": "^1.1.0",
        "@bbva-web-components/bbva-core-focus-visible-mixin": "^1.0.10",
        "@bbva-web-components/bbva-core-lit-helpers": "^1.1.0",
        "@bbva-web-components/bbva-core-validatable-mixin": "^1.0.11",
        "lit-element": "^2.2.1",
        "lit-html": "^1.1.2"
      }
    },
    "@bbva-web-components/bbva-core-intl-mixin": {
      "version": "1.2.0",
      "resolved": "https://globaldevtools.bbva.com:443/artifactory/api/npm/npm-repo/@bbva-web-components/bbva-core-intl-mixin/-/@bbva-web-components/bbva-core-intl-mixin-1.2.0.tgz",
      "integrity": "sha1-jJ8y4241rrJSxEaKkjYwdmSNO74=",
      "requires": {
        "@bbva-web-components/bbva-core-generic-dp": "^1.1.0",
        "@bbva-web-components/bbva-core-lit-helpers": "^1.1.0",
        "intl-messageformat": "~8.0.0"
      }
    },
    "@bbva-web-components/bbva-core-lit-helpers": {
      "version": "1.1.0",
      "resolved": "https://globaldevtools.bbva.com:443/artifactory/api/npm/npm-repo/@bbva-web-components/bbva-core-lit-helpers/-/@bbva-web-components/bbva-core-lit-helpers-1.1.0.tgz",
      "integrity": "sha1-9aCHAWOCVo8FmsTcSIG1quETvFk=",
      "requires": {
        "@webcomponents/shadycss": "^1.9.0",
        "lit-element": "^2.0.0",
        "lit-html": "^1.0.0"
      }
    },
    "@bbva-web-components/bbva-core-meta": {
      "version": "1.1.0",
      "resolved": "https://globaldevtools.bbva.com:443/artifactory/api/npm/npm-repo/@bbva-web-components/bbva-core-meta/-/@bbva-web-components/bbva-core-meta-1.1.0.tgz",
      "integrity": "sha1-KC5RoV7CZ1cRcysA9Ky/fHRznx0="
    },
    "@bbva-web-components/bbva-core-modal": {
      "version": "1.0.10",
      "resolved": "https://globaldevtools.bbva.com:443/artifactory/api/npm/npm-repo/@bbva-web-components/bbva-core-modal/-/@bbva-web-components/bbva-core-modal-1.0.10.tgz",
      "integrity": "sha1-0vQoNo9ja3UAutNgDdH3LIuaX9Q=",
      "requires": {
        "@bbva-web-components/bbva-core-lit-helpers": "^1.1.0",
        "lit-element": "^2.0.0"
      }
    },
    "@bbva-web-components/bbva-core-scoping-ambients-shim": {
      "version": "1.0.1",
      "resolved": "https://globaldevtools.bbva.com:443/artifactory/api/npm/npm-repo/@bbva-web-components/bbva-core-scoping-ambients-shim/-/@bbva-web-components/bbva-core-scoping-ambients-shim-1.0.1.tgz",
      "integrity": "sha1-ilsCf60/78FWgnCLVPBWBGcw4XQ=",
      "requires": {
        "@webcomponents/shadycss": "^1.9.6"
      }
    },
    "@bbva-web-components/bbva-core-validatable-mixin": {
      "version": "1.0.11",
      "resolved": "https://globaldevtools.bbva.com:443/artifactory/api/npm/npm-repo/@bbva-web-components/bbva-core-validatable-mixin/-/@bbva-web-components/bbva-core-validatable-mixin-1.0.11.tgz",
      "integrity": "sha1-lqLqCnck+pIdp6smMxYKLDW3tI8=",
      "requires": {
        "@bbva-web-components/bbva-core-lit-helpers": "^1.1.0",
        "@bbva-web-components/bbva-core-meta": "^1.1.0",
        "lit-element": "^2.0.0"
      }
    },
    "@bbva-web-components/bbva-form-field": {
      "version": "4.15.11",
      "resolved": "https://globaldevtools.bbva.com:443/artifactory/api/npm/npm-repo/@bbva-web-components/bbva-form-field/-/@bbva-web-components/bbva-form-field-4.15.11.tgz",
      "integrity": "sha1-7QB1TBKmV9UPmR40iHrBp9lWOyI=",
      "requires": {
        "@bbva-web-components/bbva-button-icon": "^4.8.0",
        "@bbva-web-components/bbva-core-icon": "^1.0.0",
        "@bbva-web-components/bbva-core-input": "^1.0.0",
        "@bbva-web-components/bbva-core-intl-mixin": "^1.0.0",
        "@bbva-web-components/bbva-core-lit-helpers": "^1.0.0",
        "@bbva-web-components/bbva-foundations-icons": "^1.0.0",
        "@bbva-web-components/bbva-foundations-styles": "^2.0.0",
        "@bbva-web-components/bbva-text": "^1.8.2",
        "lit-element": "^2.0.0",
        "lit-html": "^1.0.0"
      }
    },
    "@bbva-web-components/bbva-form-password": {
      "version": "3.6.12",
      "resolved": "https://globaldevtools.bbva.com:443/artifactory/api/npm/npm-repo/@bbva-web-components/bbva-form-password/-/@bbva-web-components/bbva-form-password-3.6.12.tgz",
      "integrity": "sha1-rz4VZVxyaVaq9aDL3fYk6WusgZs=",
      "requires": {
        "@bbva-web-components/bbva-core-intl-mixin": "^1.0.0",
        "@bbva-web-components/bbva-core-lit-helpers": "^1.0.0",
        "@bbva-web-components/bbva-form-field": "^4.15.11",
        "@bbva-web-components/bbva-foundations-icons": "^1.0.0",
        "@bbva-web-components/bbva-foundations-styles": "^2.0.0",
        "lit-element": "^2.0.0",
        "lit-html": "^1.0.0"
      }
    },
    "@bbva-web-components/bbva-foundations-icons": {
      "version": "1.6.0",
      "resolved": "https://globaldevtools.bbva.com:443/artifactory/api/npm/npm-repo/@bbva-web-components/bbva-foundations-icons/-/@bbva-web-components/bbva-foundations-icons-1.6.0.tgz",
      "integrity": "sha1-Qz60Vn+DpoJIdnvQnW5vOXArlrw=",
      "requires": {
        "@bbva-web-components/bbva-core-iconset": "^1.0.0",
        "@bbva-web-components/bbva-core-lit-helpers": "^1.0.0"
      }
    },
    "@bbva-web-components/bbva-foundations-photo-treatments": {
      "version": "1.0.13",
      "resolved": "https://globaldevtools.bbva.com:443/artifactory/api/npm/npm-repo/@bbva-web-components/bbva-foundations-photo-treatments/-/@bbva-web-components/bbva-foundations-photo-treatments-1.0.13.tgz",
      "integrity": "sha1-X6g6vlUKU2scgwiaKPY3IoTtxZs=",
      "requires": {
        "@bbva-web-components/bbva-core-lit-helpers": "^1.0.0",
        "@bbva-web-components/bbva-foundations-styles": "^2.4.0",
        "lit-element": "^2.0.0"
      }
    },
    "@bbva-web-components/bbva-foundations-styles": {
      "version": "2.4.0",
      "resolved": "https://globaldevtools.bbva.com:443/artifactory/api/npm/npm-repo/@bbva-web-components/bbva-foundations-styles/-/@bbva-web-components/bbva-foundations-styles-2.4.0.tgz",
      "integrity": "sha1-3CxQTQepVwnLGm9EH7lkatJEMN4=",
      "requires": {
        "@bbva-web-components/bbva-foundations-photo-treatments": "^1.0.13",
        "@bbva-web-components/bbva-foundations-tokens": "^1.0.5",
        "@bbva-web-components/bbva-foundations-tools": "^1.1.0",
        "lit-element": "^2.0.0"
      }
    },
    "@bbva-web-components/bbva-foundations-theme": {
      "version": "2.2.9",
      "resolved": "https://globaldevtools.bbva.com:443/artifactory/api/npm/npm-repo/@bbva-web-components/bbva-foundations-theme/-/@bbva-web-components/bbva-foundations-theme-2.2.9.tgz",
      "integrity": "sha1-IfpIdadc28HETvBxphCaKDXVMDU=",
      "requires": {
        "@bbva-web-components/bbva-core-lit-helpers": "^1.0.0",
        "@bbva-web-components/bbva-foundations-styles": "^2.4.0",
        "lit-element": "^2.0.0"
      }
    },
    "@bbva-web-components/bbva-foundations-tokens": {
      "version": "1.0.5",
      "resolved": "https://globaldevtools.bbva.com:443/artifactory/api/npm/npm-repo/@bbva-web-components/bbva-foundations-tokens/-/@bbva-web-components/bbva-foundations-tokens-1.0.5.tgz",
      "integrity": "sha1-h0tK88QrDc8P0dJuicsoR3/WD9U="
    },
    "@bbva-web-components/bbva-foundations-tools": {
      "version": "1.1.0",
      "resolved": "https://globaldevtools.bbva.com:443/artifactory/api/npm/npm-repo/@bbva-web-components/bbva-foundations-tools/-/@bbva-web-components/bbva-foundations-tools-1.1.0.tgz",
      "integrity": "sha1-+zzpWQC0xJpBfhhY5cy0bHuDEtI=",
      "requires": {
        "@bbva-web-components/bbva-foundations-tokens": "^1.0.5",
        "lit-element": "^2.0.0"
      }
    },
    "@bbva-web-components/bbva-header-main": {
      "version": "4.0.0",
      "resolved": "https://globaldevtools.bbva.com:443/artifactory/api/npm/npm-repo/@bbva-web-components/bbva-header-main/-/@bbva-web-components/bbva-header-main-4.0.0.tgz",
      "integrity": "sha1-bWV4wCN57jej2nE0Nr42IJ30SJw=",
      "requires": {
        "@bbva-web-components/bbva-foundations-styles": "^1.4.0",
        "@cells-components/cells-focus-visible-mixin": "^1.0.0",
        "@cells-components/cells-i18n-mixin": "^1.0.0",
        "@cells-components/cells-icon": "^2.0.0",
        "@cells-components/cells-lit-helpers": "^1.0.0",
        "lit-element": "^2.0.0",
        "lit-html": "^1.0.0"
      },
      "dependencies": {
        "@bbva-web-components/bbva-foundations-styles": {
          "version": "1.4.0",
          "resolved": "https://globaldevtools.bbva.com:443/artifactory/api/npm/npm-repo/@bbva-web-components/bbva-foundations-styles/-/@bbva-web-components/bbva-foundations-styles-1.4.0.tgz",
          "integrity": "sha1-kccC4zFT60Dr9z1I9UqzfUCvzZE=",
          "requires": {
            "lit-element": "^2.0.0"
          }
        }
      }
    },
    "@bbva-web-components/bbva-help-modal": {
      "version": "3.13.1",
      "resolved": "https://globaldevtools.bbva.com:443/artifactory/api/npm/npm-repo/@bbva-web-components/bbva-help-modal/-/@bbva-web-components/bbva-help-modal-3.13.1.tgz",
      "integrity": "sha1-IoVN4FDIqIZgoepZC03tVAFGP3s=",
      "requires": {
        "@bbva-web-components/bbva-button-default": "^5.7.2",
        "@bbva-web-components/bbva-core-icon": "^1.0.0",
        "@bbva-web-components/bbva-core-intl-mixin": "^1.0.0",
        "@bbva-web-components/bbva-core-lit-helpers": "^1.0.0",
        "@bbva-web-components/bbva-core-modal": "^1.0.0",
        "@bbva-web-components/bbva-foundations-icons": "^1.0.0",
        "@bbva-web-components/bbva-foundations-styles": "^2.0.0",
        "@bbva-web-components/bbva-header-main": "^6.0.0",
        "@bbva-web-components/bbva-link": "^3.7.1",
        "lit-element": "^2.0.0"
      },
      "dependencies": {
        "@bbva-web-components/bbva-header-main": {
          "version": "6.0.0",
          "resolved": "https://globaldevtools.bbva.com:443/artifactory/api/npm/npm-repo/@bbva-web-components/bbva-header-main/-/@bbva-web-components/bbva-header-main-6.0.0.tgz",
          "integrity": "sha1-6ODbZ6y3ZIbhNhbGkTIZDn9aSO8=",
          "requires": {
            "@bbva-web-components/bbva-core-focus-visible-mixin": "^1.0.0",
            "@bbva-web-components/bbva-core-icon": "^1.0.0",
            "@bbva-web-components/bbva-core-intl-mixin": "^1.0.0",
            "@bbva-web-components/bbva-core-lit-helpers": "^1.0.0",
            "@bbva-web-components/bbva-foundations-styles": "^2.0.0",
            "lit-element": "^2.0.0",
            "lit-html": "^1.0.0"
          }
        }
      }
    },
    "@bbva-web-components/bbva-link": {
      "version": "3.7.1",
      "resolved": "https://globaldevtools.bbva.com:443/artifactory/api/npm/npm-repo/@bbva-web-components/bbva-link/-/@bbva-web-components/bbva-link-3.7.1.tgz",
      "integrity": "sha1-VbTAlPY5t0NN1xpyVhMRs/zM/PQ=",
      "requires": {
        "@bbva-web-components/bbva-core-action": "^1.0.0",
        "@bbva-web-components/bbva-core-icon": "^1.0.0",
        "@bbva-web-components/bbva-core-lit-helpers": "^1.0.0",
        "@bbva-web-components/bbva-foundations-styles": "^2.0.0",
        "lit-element": "^2.0.0",
        "lit-html": "^1.0.0"
      }
    },
    "@bbva-web-components/bbva-list-info": {
      "version": "3.0.1",
      "resolved": "https://globaldevtools.bbva.com:443/artifactory/api/npm/npm-repo/@bbva-web-components/bbva-list-info/-/@bbva-web-components/bbva-list-info-3.0.1.tgz",
      "integrity": "sha1-oIaENq+h5XRHQRbD6J/ziIJ2+3Q=",
      "requires": {
        "@bbva-web-components/bbva-core-icon": "^1.0.0",
        "@bbva-web-components/bbva-core-lit-helpers": "^1.0.0",
        "@bbva-web-components/bbva-foundations-styles": "^2.0.0",
        "lit-element": "^2.0.0"
      }
    },
    "@bbva-web-components/bbva-list-movement": {
      "version": "3.0.7",
      "resolved": "https://globaldevtools.bbva.com:443/artifactory/api/npm/npm-repo/@bbva-web-components/bbva-list-movement/-/@bbva-web-components/bbva-list-movement-3.0.7.tgz",
      "integrity": "sha1-INTW3pPmPYccNFXk0OAIcsXS5cs=",
      "requires": {
        "@bbva-web-components/bbva-amount": "^9.0.1",
        "@bbva-web-components/bbva-badge-default": "^3.0.3",
        "@bbva-web-components/bbva-foundations-styles": "^1.4.0",
        "@cells-components/cells-amount-mixin": "^1.0.0",
        "@cells-components/cells-icon": "^2.0.0",
        "@cells-components/cells-lit-helpers": "^1.0.0",
        "@cells-components/cells-mask": "^2.0.0",
        "lit-element": "^2.0.0",
        "lit-html": "^1.0.0"
      },
      "dependencies": {
        "@bbva-web-components/bbva-foundations-styles": {
          "version": "1.4.0",
          "resolved": "https://globaldevtools.bbva.com:443/artifactory/api/npm/npm-repo/@bbva-web-components/bbva-foundations-styles/-/@bbva-web-components/bbva-foundations-styles-1.4.0.tgz",
          "integrity": "sha1-kccC4zFT60Dr9z1I9UqzfUCvzZE=",
          "requires": {
            "lit-element": "^2.0.0"
          }
        }
      }
    },
    "@bbva-web-components/bbva-list-simple": {
      "version": "3.1.1",
      "resolved": "https://globaldevtools.bbva.com:443/artifactory/api/npm/npm-repo/@bbva-web-components/bbva-list-simple/-/@bbva-web-components/bbva-list-simple-3.1.1.tgz",
      "integrity": "sha1-/O5O8LzjtS5mT7kbGIt7+yEPNOg=",
      "requires": {
        "@bbva-web-components/bbva-foundations-styles": "^1.4.0",
        "@cells-components/cells-focus-visible-mixin": "^1.0.0",
        "@cells-components/cells-icon": "^2.0.0",
        "@cells-components/cells-lit-helpers": "^1.0.0",
        "lit-element": "^2.0.0"
      },
      "dependencies": {
        "@bbva-web-components/bbva-foundations-styles": {
          "version": "1.4.0",
          "resolved": "https://globaldevtools.bbva.com:443/artifactory/api/npm/npm-repo/@bbva-web-components/bbva-foundations-styles/-/@bbva-web-components/bbva-foundations-styles-1.4.0.tgz",
          "integrity": "sha1-kccC4zFT60Dr9z1I9UqzfUCvzZE=",
          "requires": {
            "lit-element": "^2.0.0"
          }
        }
      }
    },
    "@bbva-web-components/bbva-text": {
      "version": "1.8.2",
      "resolved": "https://globaldevtools.bbva.com:443/artifactory/api/npm/npm-repo/@bbva-web-components/bbva-text/-/@bbva-web-components/bbva-text-1.8.2.tgz",
      "integrity": "sha1-7PX3mdFdF8+/RwgZPoDAEXU+S4M=",
      "requires": {
        "@bbva-web-components/bbva-core-lit-helpers": "^1.0.0",
        "@bbva-web-components/bbva-foundations-styles": "^1.0.0",
        "lit-element": "^2.0.0",
        "lit-html": "^1.0.0"
      },
      "dependencies": {
        "@bbva-web-components/bbva-foundations-styles": {
          "version": "1.4.0",
          "resolved": "https://globaldevtools.bbva.com:443/artifactory/api/npm/npm-repo/@bbva-web-components/bbva-foundations-styles/-/@bbva-web-components/bbva-foundations-styles-1.4.0.tgz",
          "integrity": "sha1-kccC4zFT60Dr9z1I9UqzfUCvzZE=",
          "requires": {
            "lit-element": "^2.0.0"
          }
        }
      }
    },
    "@cells-components/cells-amount-mixin": {
      "version": "1.4.7",
      "resolved": "https://globaldevtools.bbva.com:443/artifactory/api/npm/npm-repo/@cells-components/cells-amount-mixin/-/@cells-components/cells-amount-mixin-1.4.7.tgz",
      "integrity": "sha1-93xKq7CUllxI7cm05anjlFA2mzc=",
      "requires": {
        "@cells-components/cells-lit-helpers": "^1.3.1",
        "lit-element": "^2.0.1"
      }
    },
    "@cells-components/cells-app-drawer": {
      "version": "0.2.6",
      "resolved": "https://globaldevtools.bbva.com:443/artifactory/api/npm/npm-repo/@cells-components/cells-app-drawer/-/@cells-components/cells-app-drawer-0.2.6.tgz",
      "integrity": "sha1-GKXl4ybnRes+Yx/0H48juOA6ztw=",
      "requires": {
        "@cells-components/cells-lit-helpers": "^1.3.1",
        "@cells-components/cells-media-query": "^1.0.42",
        "@cells-components/cells-resizable-mixin": "^1.0.30",
        "@cells-components/cells-selector": "^1.0.0",
        "lit-element": "^2.0.0"
      }
    },
    "@cells-components/cells-focus-visible-mixin": {
      "version": "1.0.32",
      "resolved": "https://globaldevtools.bbva.com:443/artifactory/api/npm/npm-repo/@cells-components/cells-focus-visible-mixin/-/@cells-components/cells-focus-visible-mixin-1.0.32.tgz",
      "integrity": "sha1-FIRLj4y1A7sXxkheIlxlUEvuBMo=",
      "requires": {
        "@cells-components/cells-lit-helpers": "^1.3.1",
        "lit-element": "^2.0.1"
      }
    },
    "@cells-components/cells-i18n-mixin": {
      "version": "1.5.0",
      "resolved": "https://globaldevtools.bbva.com:443/artifactory/api/npm/npm-repo/@cells-components/cells-i18n-mixin/-/@cells-components/cells-i18n-mixin-1.5.0.tgz",
      "integrity": "sha1-TJasxMMdInS/icAfJyLiIbcsofM=",
      "requires": {
        "@cells-components/cells-lit-helpers": "^1.0.0",
        "@cells-components/cells-shadow-query-selector": "^1.0.1",
        "lit-element": "^2.0.0"
      }
    },
    "@cells-components/cells-icon": {
      "version": "2.0.7",
      "resolved": "https://globaldevtools.bbva.com:443/artifactory/api/npm/npm-repo/@cells-components/cells-icon/-/@cells-components/cells-icon-2.0.7.tgz",
      "integrity": "sha1-sxC9Hw6wyRFaj/1GYg2Aer6vWcs=",
      "requires": {
        "@cells-components/cells-iron-meta": "^1.0.43",
        "@cells-components/cells-lit-helpers": "^1.3.1",
        "lit-element": "^2.0.1"
      }
    },
    "@cells-components/cells-iconset-svg": {
      "version": "1.2.20",
      "resolved": "https://globaldevtools.bbva.com:443/artifactory/api/npm/npm-repo/@cells-components/cells-iconset-svg/-/@cells-components/cells-iconset-svg-1.2.20.tgz",
      "integrity": "sha1-pK5SMok7JRvMf6kX0rOKRxsiscQ=",
      "requires": {
        "@cells-components/cells-iron-meta": "^1.0.43",
        "lit-element": "^2.0.1"
      }
    },
    "@cells-components/cells-iron-meta": {
      "version": "1.0.43",
      "resolved": "https://globaldevtools.bbva.com:443/artifactory/api/npm/npm-repo/@cells-components/cells-iron-meta/-/@cells-components/cells-iron-meta-1.0.43.tgz",
      "integrity": "sha1-ON+JcorpItqvqq1JIYgV8qMwAWQ=",
      "requires": {
        "@bbva-web-components/bbva-core-meta": "^1.0.0",
        "@cells-components/cells-lit-helpers": "^1.3.1",
        "lit-element": "^2.0.1"
      }
    },
    "@cells-components/cells-lit-helpers": {
      "version": "1.3.1",
      "resolved": "https://globaldevtools.bbva.com:443/artifactory/api/npm/npm-repo/@cells-components/cells-lit-helpers/-/@cells-components/cells-lit-helpers-1.3.1.tgz",
      "integrity": "sha1-InXd/MWStC/1dAnW5qnBU09ZPSY=",
      "requires": {
        "@bbva-web-components/bbva-core-lit-helpers": "^1.0.0",
        "@webcomponents/shadycss": "^1.9.0",
        "lit-html": "^1.0.0"
      }
    },
    "@cells-components/cells-mask": {
      "version": "2.0.7",
      "resolved": "https://globaldevtools.bbva.com:443/artifactory/api/npm/npm-repo/@cells-components/cells-mask/-/@cells-components/cells-mask-2.0.7.tgz",
      "integrity": "sha1-a9Y01yyCJa79uV4NPnO7jT+oXNU=",
      "requires": {
        "@cells-components/cells-i18n-mixin": "^1.0.0",
        "@cells-components/cells-icon": "^2.0.7",
        "@cells-components/cells-lit-helpers": "^1.3.1",
        "lit-element": "^2.0.1"
      }
    },
    "@cells-components/cells-media-query": {
      "version": "1.0.42",
      "resolved": "https://globaldevtools.bbva.com:443/artifactory/api/npm/npm-repo/@cells-components/cells-media-query/-/@cells-components/cells-media-query-1.0.42.tgz",
      "integrity": "sha1-a/bEuUM/lZI3KOIsKExquoQNnqQ=",
      "requires": {
        "lit-element": "^2.0.0"
      }
    },
    "@cells-components/cells-paper-scroll-header-panel": {
      "version": "0.2.6",
      "resolved": "https://globaldevtools.bbva.com:443/artifactory/api/npm/npm-repo/@cells-components/cells-paper-scroll-header-panel/-/@cells-components/cells-paper-scroll-header-panel-0.2.6.tgz",
      "integrity": "sha1-RApHGRgvWJ64LKS7cilxrZjLGsc=",
      "requires": {
        "@cells-components/cells-lit-helpers": "^1.3.1",
        "@cells-components/cells-resizable-mixin": "^1.0.30",
        "lit-element": "^2.0.0"
      }
    },
    "@cells-components/cells-resizable-mixin": {
      "version": "1.0.30",
      "resolved": "https://globaldevtools.bbva.com:443/artifactory/api/npm/npm-repo/@cells-components/cells-resizable-mixin/-/@cells-components/cells-resizable-mixin-1.0.30.tgz",
      "integrity": "sha1-61qLuRn1TsvYEnu2Pb+edpqrmNA=",
      "requires": {
        "@cells-components/cells-lit-helpers": "^1.3.1",
        "lit-element": "^2.0.0"
      }
    },
    "@cells-components/cells-selector": {
      "version": "1.0.7",
      "resolved": "https://globaldevtools.bbva.com:443/artifactory/api/npm/npm-repo/@cells-components/cells-selector/-/@cells-components/cells-selector-1.0.7.tgz",
      "integrity": "sha1-KpJsIbRMgAnGEZKZEfh/NuXnjaI=",
      "requires": {
        "@cells-components/cells-lit-helpers": "^1.0.0",
        "lit-element": "^2.0.0"
      }
    },
    "@cells-components/cells-shadow-query-selector": {
      "version": "1.0.1",
      "resolved": "https://globaldevtools.bbva.com:443/artifactory/api/npm/npm-repo/@cells-components/cells-shadow-query-selector/-/@cells-components/cells-shadow-query-selector-1.0.1.tgz",
      "integrity": "sha1-g8tJmca3iy5lIb0UrkgeH46JeKc="
    },
    "@cells-components/cells-skeleton-group": {
      "version": "2.0.6",
      "resolved": "https://globaldevtools.bbva.com:443/artifactory/api/npm/npm-repo/@cells-components/cells-skeleton-group/-/@cells-components/cells-skeleton-group-2.0.6.tgz",
      "integrity": "sha1-4oT6QERcbqmtcqztUsB3OPIggTg=",
      "requires": {
        "@cells-components/cells-lit-helpers": "^1.3.1",
        "@cells-components/cells-skeleton-item": "^2.0.6",
        "lit-element": "^2.0.1"
      }
    },
    "@cells-components/cells-skeleton-item": {
      "version": "2.0.6",
      "resolved": "https://globaldevtools.bbva.com:443/artifactory/api/npm/npm-repo/@cells-components/cells-skeleton-item/-/@cells-components/cells-skeleton-item-2.0.6.tgz",
      "integrity": "sha1-gM75vvu01jhR5MzSxsGhkS3u3GI=",
      "requires": {
        "@cells-components/cells-lit-helpers": "^1.3.1",
        "lit-element": "^2.0.1"
      }
    },
    "@cells-components/cells-skeleton-loading-page": {
      "version": "2.0.6",
      "resolved": "https://globaldevtools.bbva.com:443/artifactory/api/npm/npm-repo/@cells-components/cells-skeleton-loading-page/-/@cells-components/cells-skeleton-loading-page-2.0.6.tgz",
      "integrity": "sha1-hcgigSQ1tIWP2mJ96s9up9tXuN8=",
      "requires": {
        "@cells-components/cells-lit-helpers": "^1.3.1",
        "@cells-components/cells-skeleton-group": "^2.0.6",
        "lit-element": "^2.0.1"
      }
    },
    "@cells-components/cells-template-animation-mixin": {
      "version": "0.1.11",
      "resolved": "https://globaldevtools.bbva.com:443/artifactory/api/npm/npm-repo/@cells-components/cells-template-animation-mixin/-/@cells-components/cells-template-animation-mixin-0.1.11.tgz",
      "integrity": "sha1-ukkUh4If0WQm8aW5BX+tOvIKwU4=",
      "requires": {
        "@cells-components/cells-lit-helpers": "^1.3.1",
        "lit-element": "^2.0.0"
      }
    },
    "@cells-components/cells-template-paper-drawer-panel": {
      "version": "2.0.8",
      "resolved": "https://globaldevtools.bbva.com:443/artifactory/api/npm/npm-repo/@cells-components/cells-template-paper-drawer-panel/-/@cells-components/cells-template-paper-drawer-panel-2.0.8.tgz",
      "integrity": "sha1-J2c6b4wgmSVCPjSB/MlJe471R0o=",
      "requires": {
        "@cells-components/cells-app-drawer": "^0.2.6",
        "@cells-components/cells-lit-helpers": "^1.3.1",
        "@cells-components/cells-paper-scroll-header-panel": "^0.2.6",
        "@cells-components/cells-template-animation-mixin": "^0.1.11",
        "lit-element": "^2.0.0"
      }
    },
    "@cells-components/coronita-icons": {
      "version": "1.0.63",
      "resolved": "https://globaldevtools.bbva.com:443/artifactory/api/npm/npm-repo/@cells-components/coronita-icons/-/@cells-components/coronita-icons-1.0.63.tgz",
      "integrity": "sha1-cgrHj/dmIR7gIUFi91pEHnJXwnc=",
      "requires": {
        "@cells-components/cells-icon": "^2.0.7",
        "@cells-components/cells-iconset-svg": "^1.2.20"
      }
    },
    "@cells/cells-bridge": {
      "version": "3.14.0",
      "resolved": "https://globaldevtools.bbva.com:443/artifactory/api/npm/npm-repo/@cells/cells-bridge/-/@cells/cells-bridge-3.14.0.tgz",
      "integrity": "sha1-m7JTXrSaN8NXzp3rkK90FOEgJ6M=",
      "requires": {
        "cells-semaas-adapter": "^2.0.0",
        "es5-dot-prop": "^4.1.1",
        "rxjs": "^6.4.0"
      }
    },
    "@cells/cells-element": {
      "version": "1.2.1",
      "resolved": "https://globaldevtools.bbva.com:443/artifactory/api/npm/npm-repo/@cells/cells-element/-/@cells/cells-element-1.2.1.tgz",
      "integrity": "sha1-Z+djZjmRFmUlN2npqMc+OFS9og4=",
      "requires": {
        "@bbva-web-components/bbva-core-lit-helpers": "^1.0.4",
        "@bbva-web-components/bbva-foundations-styles": "^2.3.5",
        "lit-element": "^2.0.0"
      }
    },
    "@cells/cells-page": {
      "version": "1.2.1",
      "resolved": "https://globaldevtools.bbva.com:443/artifactory/api/npm/npm-repo/@cells/cells-page/-/@cells/cells-page-1.2.1.tgz",
      "integrity": "sha1-f86gEe3O0NFAVJNMl9V3/8OdPpg=",
      "requires": {
        "@bbva-web-components/bbva-core-lit-helpers": "^1.0.4",
        "@bbva-web-components/bbva-foundations-styles": "^2.3.5",
        "@cells/cells-element": "^1.2.0",
        "lit-element": "^2.0.0"
      }
    },
    "@formatjs/intl-unified-numberformat": {
      "version": "3.3.7",
      "resolved": "https://globaldevtools.bbva.com:443/artifactory/api/npm/npm-repo/@formatjs/intl-unified-numberformat/-/intl-unified-numberformat-3.3.7.tgz",
      "integrity": "sha1-mZWiRWiQgYjnFtgaHeW3ArLuAOI=",
      "requires": {
        "@formatjs/intl-utils": "^2.3.0"
      }
    },
    "@formatjs/intl-utils": {
      "version": "2.3.0",
      "resolved": "https://globaldevtools.bbva.com:443/artifactory/api/npm/npm-repo/@formatjs/intl-utils/-/intl-utils-2.3.0.tgz",
      "integrity": "sha1-LcjFcETeA0DrU6e6YC5Zq/gNx5k="
    },
    "@open-wc/lit-helpers": {
      "version": "0.3.12",
      "resolved": "https://globaldevtools.bbva.com:443/artifactory/api/npm/npm-repo/@open-wc/lit-helpers/-/lit-helpers-0.3.12.tgz",
      "integrity": "sha1-Eb8HMRhaiMpQ7XQJCOkf1ENrpp0="
    },
    "@webcomponents/shadycss": {
      "version": "1.10.2",
      "resolved": "https://globaldevtools.bbva.com:443/artifactory/api/npm/npm-repo/@webcomponents/shadycss/-/shadycss-1.10.2.tgz",
      "integrity": "sha1-QOA8q23F4S8ZmUm6K3ngLxg9Hns="
    },
    "@webcomponents/webcomponentsjs": {
      "version": "2.5.0",
      "resolved": "https://globaldevtools.bbva.com:443/artifactory/api/npm/npm-repo/@webcomponents/webcomponentsjs/-/webcomponentsjs-2.5.0.tgz",
      "integrity": "sha1-YbJ3haatW/1o+gGCAf5BixGMs40="
    },
    "cells-app-template": {
      "version": "5.0.2",
      "resolved": "https://globaldevtools.bbva.com:443/artifactory/api/npm/npm-repo/cells-app-template/-/cells-app-template-5.0.2.tgz",
      "integrity": "sha1-Voxa4Po85EvncJOMAu6W37bF0GM="
    },
    "cells-semaas-adapter": {
      "version": "2.0.2",
      "resolved": "https://globaldevtools.bbva.com:443/artifactory/api/npm/npm-repo/cells-semaas-adapter/-/cells-semaas-adapter-2.0.2.tgz",
      "integrity": "sha1-m46Yl6MhhH9E1WzyVj1sGA/4ugQ="
    },
    "es5-dot-prop": {
      "version": "4.1.1",
      "resolved": "https://globaldevtools.bbva.com:443/artifactory/api/npm/npm-repo/es5-dot-prop/-/es5-dot-prop-4.1.1.tgz",
      "integrity": "sha1-chAhU+q7N0DWa3Ndphbi3Zvlc3s=",
      "requires": {
        "is-obj": "^1.0.0"
      }
    },
    "intl-format-cache": {
      "version": "4.3.1",
      "resolved": "https://globaldevtools.bbva.com:443/artifactory/api/npm/npm-repo/intl-format-cache/-/intl-format-cache-4.3.1.tgz",
      "integrity": "sha1-SE0xqYchYebAITk0myWaYimt43c="
    },
    "intl-messageformat": {
      "version": "8.0.0",
      "resolved": "https://globaldevtools.bbva.com:443/artifactory/api/npm/npm-repo/intl-messageformat/-/intl-messageformat-8.0.0.tgz",
      "integrity": "sha1-60/pAFkojWC0gVbpWiq83RTUkvE=",
      "requires": {
        "intl-format-cache": "^4.2.21",
        "intl-messageformat-parser": "^4.0.0"
      }
    },
    "intl-messageformat-parser": {
      "version": "4.1.4",
      "resolved": "https://globaldevtools.bbva.com:443/artifactory/api/npm/npm-repo/intl-messageformat-parser/-/intl-messageformat-parser-4.1.4.tgz",
      "integrity": "sha1-mPNBXmmQ1Evr8uCtjkz7rPPvXtM=",
      "requires": {
        "@formatjs/intl-unified-numberformat": "^3.3.3"
      }
    },
    "is-obj": {
      "version": "1.0.1",
      "resolved": "https://globaldevtools.bbva.com:443/artifactory/api/npm/npm-repo/is-obj/-/is-obj-1.0.1.tgz",
      "integrity": "sha1-PkcprB9f3gJc19g6iW2rn09n2w8="
    },
    "lit-element": {
      "version": "2.4.0",
      "resolved": "https://globaldevtools.bbva.com:443/artifactory/api/npm/npm-repo/lit-element/-/lit-element-2.4.0.tgz",
      "integrity": "sha1-siYHoDeo/Aj1qAc23d9/P11AFFI=",
      "requires": {
        "lit-html": "^1.1.1"
      }
    },
    "lit-html": {
      "version": "1.3.0",
      "resolved": "https://globaldevtools.bbva.com:443/artifactory/api/npm/npm-repo/lit-html/-/lit-html-1.3.0.tgz",
      "integrity": "sha1-yA88xXk6bepsBxcr6QpwqyDlYDQ="
    },
    "rxjs": {
      "version": "6.6.6",
      "resolved": "https://globaldevtools.bbva.com:443/artifactory/api/npm/npm-repo/rxjs/-/rxjs-6.6.6.tgz",
      "integrity": "sha1-FNhBeqWgfF5jOZW1JeHjwN7AO3A=",
      "requires": {
        "tslib": "^1.9.0"
      }
    },
    "tslib": {
      "version": "1.14.1",
      "resolved": "https://globaldevtools.bbva.com:443/artifactory/api/npm/npm-repo/tslib/-/tslib-1.14.1.tgz",
      "integrity": "sha1-zy04vcNKE0vK8QkcQfZhni9nLQA="
    }
  }
}
